lockfileVersion: 5.3

specifiers:
  '@types/node': ^17.0.23
  cesium: ^1.92.0
  del: ^6.0.0
  recursive-copy: ^2.0.14
  typescript: ^4.6.3
  vite: ^2.9.1
  vite-plugin-externals: ^0.4.0
  vite-plugin-html-config: ^1.0.8

devDependencies:
  '@types/node': 17.0.23
  cesium: 1.92.0
  del: 6.0.0
  recursive-copy: 2.0.14
  typescript: 4.6.3
  vite: 2.9.1
  vite-plugin-externals: 0.4.0_vite@2.9.1
  vite-plugin-html-config: 1.0.8_vite@2.9.1

packages:

  /@nodelib/fs.scandir/2.1.5:
    resolution: {integrity: sha512-vq24Bq3ym5HEQm2NKCr3yXDwjc7vTsEThRDnkp2DK9p1uqLR+DHurm/NOTo0KG7HYHU7eppKZj3MyqYuMBf62g==}
    engines: {node: '>= 8'}
    dependencies:
      '@nodelib/fs.stat': 2.0.5
      run-parallel: 1.2.0
    dev: true

  /@nodelib/fs.stat/2.0.5:
    resolution: {integrity: sha512-RkhPPp2zrqDAQA/2jNhnztcPAlv64XdhIp7a7454A5ovI7Bukxgt7MX7udwAu3zg1DcpPU0rz3VV1SeaqvY4+A==}
    engines: {node: '>= 8'}
    dev: true

  /@nodelib/fs.walk/1.2.8:
    resolution: {integrity: sha512-oGB+UxlgWcgQkgwo8GcEGwemoTFt3FIO9ababBmaGwXIoBKZ+GTy0pP185beGg7Llih/NSHSV2XAs1lnznocSg==}
    engines: {node: '>= 8'}
    dependencies:
      '@nodelib/fs.scandir': 2.1.5
      fastq: 1.13.0
    dev: true

  /@types/node/17.0.23:
    resolution: {integrity: sha512-UxDxWn7dl97rKVeVS61vErvw086aCYhDLyvRQZ5Rk65rZKepaFdm53GeqXaKBuOhED4e9uWq34IC3TdSdJJ2Gw==}
    dev: true

  /acorn/8.7.0:
    resolution: {integrity: sha512-V/LGr1APy+PXIwKebEWrkZPwoeoF+w1jiOBUmuxuiUIaOHtob8Qc9BTrYo7VuI5fR8tqsy+buA2WFooR5olqvQ==}
    engines: {node: '>=0.4.0'}
    hasBin: true
    dev: true

  /aggregate-error/3.1.0:
    resolution: {integrity: sha512-4I7Td01quW/RpocfNayFdFVk1qSuoh0E7JrbRJ16nH01HhKFQ88INq9Sd+nd72zqRySlr9BmDA8xlEJ6vJMrYA==}
    engines: {node: '>=8'}
    dependencies:
      clean-stack: 2.2.0
      indent-string: 4.0.0
    dev: true

  /array-differ/1.0.0:
    resolution: {integrity: sha512-LeZY+DZDRnvP7eMuQ6LHfCzUGxAAIViUBliK24P3hWXL6y4SortgR6Nim6xrkfSLlmH0+k+9NYNwVC2s53ZrYQ==}
    engines: {node: '>=0.10.0'}
    dev: true

  /array-union/1.0.2:
    resolution: {integrity: sha512-Dxr6QJj/RdU/hCaBjOfxW+q6lyuVE6JFWIrAUpuOOhoJJoQ99cUn3igRaHVB5P9WrgFVN0FfArM3x0cueOU8ng==}
    engines: {node: '>=0.10.0'}
    dependencies:
      array-uniq: 1.0.3
    dev: true

  /array-union/2.1.0:
    resolution: {integrity: sha512-HGyxoOTYUyCM6stUe6EJgnd4EoewAI7zMdfqO+kGjnlZmBDz/cR5pf8r/cR4Wq60sL/p0IkcjUEEPwS3GFrIyw==}
    engines: {node: '>=8'}
    dev: true

  /array-uniq/1.0.3:
    resolution: {integrity: sha512-MNha4BWQ6JbwhFhj03YK552f7cb3AzoE8SzeljgChvL1dl3IcvggXVz1DilzySZkCja+CXuZbdW7yATchWn8/Q==}
    engines: {node: '>=0.10.0'}
    dev: true

  /arrify/1.0.1:
    resolution: {integrity: sha512-3CYzex9M9FGQjCGMGyi6/31c8GJbgb0qGyrx5HWxPd0aCwh4cB2YjMb2Xf9UuoogrMrlO9cTqnB5rI5GHZTcUA==}
    engines: {node: '>=0.10.0'}
    dev: true

  /asap/2.0.6:
    resolution: {integrity: sha512-BSHWgDSAiKs50o2Re8ppvp3seVHXSRM44cdSsT9FfNEUUZLOGWVCsiWaRPWM1Znn+mqZ1OfVZ3z3DWEzSp7hRA==}
    dev: true

  /balanced-match/1.0.2:
    resolution: {integrity: sha512-3oSeUO0TMV67hN1AmbXsK4yaqU7tjiHlbxRDZOpH0KW9+CeX4bRAaX0Anxt0tx2MrpRpWwQaPwIlISEJhYU5Pw==}
    dev: true

  /brace-expansion/1.1.11:
    resolution: {integrity: sha512-iCuPHDFgrHX7H2vEI/5xpz07zSHB00TpugqhmYtVmMO6518mCuRMoOYFldEBl0g187ufozdaHgWKcYFb61qGiA==}
    dependencies:
      balanced-match: 1.0.2
      concat-map: 0.0.1
    dev: true

  /braces/3.0.2:
    resolution: {integrity: sha512-b8um+L1RzM3WDSzvhm6gIz1yfTbBt6YTlcEKAvsmqCZZFw46z626lVj9j1yEPW33H5H+lBQpZMP1k8l+78Ha0A==}
    engines: {node: '>=8'}
    dependencies:
      fill-range: 7.0.1
    dev: true

  /cesium/1.92.0:
    resolution: {integrity: sha512-qU2EIV3M+ru6uF5UQUjUWXeq9UVieMBeq+Q8fzzNbFgeSbLrvnJ7jSJq0vvgaVDPe0PnmN72FZKMDiJdTFpMnQ==}
    dev: true

  /clean-stack/2.2.0:
    resolution: {integrity: sha512-4diC9HaTE+KRAMWhDhrGOECgWZxoevMc5TlkObMqNSsVU62PYzXZ/SMTjzyGAFF1YusgxGcSWTEXBhp0CPwQ1A==}
    engines: {node: '>=6'}
    dev: true

  /concat-map/0.0.1:
    resolution: {integrity: sha512-/Srv4dswyQNBfohGpz9o6Yb3Gz3SrUDqBH5rTuhGR7ahtlbYKnVxw2bCFMRljaA7EXHaXZ8wsHdodFvbkhKmqg==}
    dev: true

  /del/6.0.0:
    resolution: {integrity: sha512-1shh9DQ23L16oXSZKB2JxpL7iMy2E0S9d517ptA1P8iw0alkPtQcrKH7ru31rYtKwF499HkTu+DRzq3TCKDFRQ==}
    engines: {node: '>=10'}
    dependencies:
      globby: 11.1.0
      graceful-fs: 4.2.10
      is-glob: 4.0.3
      is-path-cwd: 2.2.0
      is-path-inside: 3.0.3
      p-map: 4.0.0
      rimraf: 3.0.2
      slash: 3.0.0
    dev: true

  /dir-glob/3.0.1:
    resolution: {integrity: sha512-WkrWp9GR4KXfKGYzOLmTuGVi1UWFfws377n9cc55/tb6DuqyF6pcQ5AbiHEshaDpY9v6oaSr2XCDidGmMwdzIA==}
    engines: {node: '>=8'}
    dependencies:
      path-type: 4.0.0
    dev: true

  /errno/0.1.8:
    resolution: {integrity: sha512-dJ6oBr5SQ1VSd9qkk7ByRgb/1SH4JZjCHSW/mr63/QcXO9zLVxvJ6Oy13nio03rxpSnVDDjFor75SjVeZWPW/A==}
    hasBin: true
    dependencies:
      prr: 1.0.1
    dev: true

  /es-module-lexer/0.4.1:
    resolution: {integrity: sha512-ooYciCUtfw6/d2w56UVeqHPcoCFAiJdz5XOkYpv/Txl1HMUozpXjz/2RIQgqwKdXNDPSF1W7mJCFse3G+HDyAA==}
    dev: true

  /esbuild-android-64/0.14.32:
    resolution: {integrity: sha512-q1qjB2UcoWehR9Yp9dO2RdJUeLLrXAYsbOU4tkYa+GmJzxTwuvOrMdvaemsXYqb7F4STVTca9KpfqGicEChtUg==}
    engines: {node: '>=12'}
    cpu: [x64]
    os: [android]
    requiresBuild: true
    dev: true
    optional: true

  /esbuild-android-arm64/0.14.32:
    resolution: {integrity: sha512-bs1uu+RuM15f8yjFc0FhPDE/6NID4fKl7beDVsGCme6Q8ld2IzRXmp5QaHurlcH93PFyQnUgVvdahIWgtK2QZw==}
    engines: {node: '>=12'}
    cpu: [arm64]
    os: [android]
    requiresBuild: true
    dev: true
    optional: true

  /esbuild-darwin-64/0.14.32:
    resolution: {integrity: sha512-6MekflAld28wYtzanwZTxQlxMPeYw/yv1ToFG2hpo3LGxOIE2mBD5IJaMCcyy1//EYvGnGToO3p6XKdbS8E1QQ==}
    engines: {node: '>=12'}
    cpu: [x64]
    os: [darwin]
    requiresBuild: true
    dev: true
    optional: true

  /esbuild-darwin-arm64/0.14.32:
    resolution: {integrity: sha512-BHYIjiPDYQTD+4zwqdqRo+I2bbg3fn9mah/gZm4SCCy+7uwTTYOYobIunHT7wVCgxnFCr50PJUdaMrEoCImRbw==}
    engines: {node: '>=12'}
    cpu: [arm64]
    os: [darwin]
    requiresBuild: true
    dev: true
    optional: true

  /esbuild-freebsd-64/0.14.32:
    resolution: {integrity: sha512-6BOBhtfAf9AlfjL1AvtfVOxwY82tHPfYrA0lskJpFjfiEMGTLU6e0vdOwb4+4x++gGz49azuGK0woYqdfL03uw==}
    engines: {node: '>=12'}
    cpu: [x64]
    os: [freebsd]
    requiresBuild: true
    dev: true
    optional: true

  /esbuild-freebsd-arm64/0.14.32:
    resolution: {integrity: sha512-zIRR4gKQW56p/xLM8TlpxVBNiX0w3VoR9ZxfH4nrfJ7QiL0SYHRy8YPL5C7zMWRjSze2WxQRHfS9bHKdVrVXBw==}
    engines: {node: '>=12'}
    cpu: [arm64]
    os: [freebsd]
    requiresBuild: true
    dev: true
    optional: true

  /esbuild-linux-32/0.14.32:
    resolution: {integrity: sha512-kn0AkGtPvzA6xiv93/mavvZ7DVinu/ewh2F2S0/8mE8/PXi3D4+svZ6V3beV5DIH7vcHVuGhoooWav8HPF04tg==}
    engines: {node: '>=12'}
    cpu: [ia32]
    os: [linux]
    requiresBuild: true
    dev: true
    optional: true

  /esbuild-linux-64/0.14.32:
    resolution: {integrity: sha512-Ie+PMvrPj/HCOmSc0QubKttDxP2iBtPzDu+b+V3HGDGwkGmVpDkyXx1NXp5LjkIphIay2QekMwy1dSw3KDqCew==}
    engines: {node: '>=12'}
    cpu: [x64]
    os: [linux]
    requiresBuild: true
    dev: true
    optional: true

  /esbuild-linux-arm/0.14.32:
    resolution: {integrity: sha512-R/Bvn/YQNDyvfN0SERh/I7hKPqN+nSSruQdVeiYEJ+jc3fUi73jXYAscpTQgIBeER/yXnEsgJGU/UQ9+sscr7A==}
    engines: {node: '>=12'}
    cpu: [arm]
    os: [linux]
    requiresBuild: true
    dev: true
    optional: true

  /esbuild-linux-arm64/0.14.32:
    resolution: {integrity: sha512-ykoqKaxX95nB+lk2K/+qxr0ke+BxkeVi0yKOnymCR5Ive7IZDHa4BJX53NEGSBKLfWPwKE6SXTz8qcEewSntoA==}
    engines: {node: '>=12'}
    cpu: [arm64]
    os: [linux]
    requiresBuild: true
    dev: true
    optional: true

  /esbuild-linux-mips64le/0.14.32:
    resolution: {integrity: sha512-IilnlBexpHpt/5po0cle/L/S6CYnwaq23UuAqWzxp+opHLOCNnyANpC1jOoP551aRx4JuZ7z3xZZ7bYQZB147w==}
    engines: {node: '>=12'}
    cpu: [mips64el]
    os: [linux]
    requiresBuild: true
    dev: true
    optional: true

  /esbuild-linux-ppc64le/0.14.32:
    resolution: {integrity: sha512-TR6l5nWZbfq7jSY+1vsiQjT4m67NWplNhbX6GBieZq6DBt0nTx1XgTZAdKROF7jTuaK7YrCYlPXtfO3w86Mysw==}
    engines: {node: '>=12'}
    cpu: [ppc64]
    os: [linux]
    requiresBuild: true
    dev: true
    optional: true

  /esbuild-linux-riscv64/0.14.32:
    resolution: {integrity: sha512-aSOcUzTeIAslfri8e+bMpyzQuxhcIiNhWyuCGGXum2PtxwYiUqR8/UCMYfwYtYkhr1yABOFOfs83mm9KBy5qCQ==}
    engines: {node: '>=12'}
    cpu: [riscv64]
    os: [linux]
    requiresBuild: true
    dev: true
    optional: true

  /esbuild-linux-s390x/0.14.32:
    resolution: {integrity: sha512-dNlip+EvexxKjRZitFCWCd7DVk64c7R5ySr8aFEMHCb/RriNiyDxYJGzYWm4EMJsMRMupMUHlMY64BAa3Op9FA==}
    engines: {node: '>=12'}
    cpu: [s390x]
    os: [linux]
    requiresBuild: true
    dev: true
    optional: true

  /esbuild-netbsd-64/0.14.32:
    resolution: {integrity: sha512-Pa3QByYqxzlBFQQQhjYBPg3WUfSjwibqzh1hC6mPDRUHnCeUcrLoBuIiG4xqOYEpQM9/kDowIBsrGIQEVWWdQA==}
    engines: {node: '>=12'}
    cpu: [x64]
    os: [netbsd]
    requiresBuild: true
    dev: true
    optional: true

  /esbuild-openbsd-64/0.14.32:
    resolution: {integrity: sha512-uWKKqpCjkMY8TCIobFvaSETonQY3OrmgnoTCC3tF+lvMoneYjppB6akx7L5Xv0kP+1tnSbrIof1ca8PfqGUyjw==}
    engines: {node: '>=12'}
    cpu: [x64]
    os: [openbsd]
    requiresBuild: true
    dev: true
    optional: true

  /esbuild-sunos-64/0.14.32:
    resolution: {integrity: sha512-Ar+u3mBk0oVV4Fwv/qlinJZNIPPtTBSG+1W42o8lOaVxJ+rJgecDoeUN+5uyd9at0BK1SVrQ1qZ4wjHKB0qFpQ==}
    engines: {node: '>=12'}
    cpu: [x64]
    os: [sunos]
    requiresBuild: true
    dev: true
    optional: true

  /esbuild-windows-32/0.14.32:
    resolution: {integrity: sha512-rLMsbflMY6Hjh3rmQnCDVZahJQ7n+XfT6o1+no5pHRpDlMh38MHthgGh35q+EcOMgrGP3ppnw70rhJq80SaYTQ==}
    engines: {node: '>=12'}
    cpu: [ia32]
    os: [win32]
    requiresBuild: true
    dev: true
    optional: true

  /esbuild-windows-64/0.14.32:
    resolution: {integrity: sha512-OHnMMxYufVgLXIMnwLynLMKguHMrsVnWcehieSP9i6ZX31KEsOFYWrorcnTWOn4rbZVLSL10ofxLuVIgRW3SWw==}
    engines: {node: '>=12'}
    cpu: [x64]
    os: [win32]
    requiresBuild: true
    dev: true
    optional: true

  /esbuild-windows-arm64/0.14.32:
    resolution: {integrity: sha512-ddavy6IPUBySMfqDfG243TgtuqwQBNJQJPVaA4DaavmMfpBsUxFrSV+HzBWXTKU3I9EcuoEvIATLuQ7NJKxjwg==}
    engines: {node: '>=12'}
    cpu: [arm64]
    os: [win32]
    requiresBuild: true
    dev: true
    optional: true

  /esbuild/0.14.32:
    resolution: {integrity: sha512-RuzVUP/bkStmnVHK6Gh3gjaMjfXNLqBqvYVDiS9JKl5KdRdRLUeW5Wo8NrbL7cL6CW7Cyak7SvACqyPOBuA8vA==}
    engines: {node: '>=12'}
    hasBin: true
    requiresBuild: true
    optionalDependencies:
      esbuild-android-64: 0.14.32
      esbuild-android-arm64: 0.14.32
      esbuild-darwin-64: 0.14.32
      esbuild-darwin-arm64: 0.14.32
      esbuild-freebsd-64: 0.14.32
      esbuild-freebsd-arm64: 0.14.32
      esbuild-linux-32: 0.14.32
      esbuild-linux-64: 0.14.32
      esbuild-linux-arm: 0.14.32
      esbuild-linux-arm64: 0.14.32
      esbuild-linux-mips64le: 0.14.32
      esbuild-linux-ppc64le: 0.14.32
      esbuild-linux-riscv64: 0.14.32
      esbuild-linux-s390x: 0.14.32
      esbuild-netbsd-64: 0.14.32
      esbuild-openbsd-64: 0.14.32
      esbuild-sunos-64: 0.14.32
      esbuild-windows-32: 0.14.32
      esbuild-windows-64: 0.14.32
      esbuild-windows-arm64: 0.14.32
    dev: true

  /fast-glob/3.2.11:
    resolution: {integrity: sha512-xrO3+1bxSo3ZVHAnqzyuewYT6aMFHRAd4Kcs92MAonjwQZLsK9d0SF1IyQ3k5PoirxTW0Oe/RqFgMQ6TcNE5Ew==}
    engines: {node: '>=8.6.0'}
    dependencies:
      '@nodelib/fs.stat': 2.0.5
      '@nodelib/fs.walk': 1.2.8
      glob-parent: 5.1.2
      merge2: 1.4.1
      micromatch: 4.0.5
    dev: true

  /fastq/1.13.0:
    resolution: {integrity: sha512-YpkpUnK8od0o1hmeSc7UUs/eB/vIPWJYjKck2QKIzAf71Vm1AAQ3EbuZB3g2JIy+pg+ERD0vqI79KyZiB2e2Nw==}
    dependencies:
      reusify: 1.0.4
    dev: true

  /fill-range/7.0.1:
    resolution: {integrity: sha512-qOo9F+dMUmC2Lcb4BbVvnKJxTPjCm+RRpe4gDuGrzkL7mEVl/djYSu2OdQ2Pa302N4oqkSg9ir6jaLWJ2USVpQ==}
    engines: {node: '>=8'}
    dependencies:
      to-regex-range: 5.0.1
    dev: true

  /fs-extra/10.0.1:
    resolution: {integrity: sha512-NbdoVMZso2Lsrn/QwLXOy6rm0ufY2zEOKCDzJR/0kBsb0E6qed0P3iYK+Ath3BfvXEeu4JhEtXLgILx5psUfag==}
    engines: {node: '>=12'}
    dependencies:
      graceful-fs: 4.2.10
      jsonfile: 6.1.0
      universalify: 2.0.0
    dev: true

  /fs.realpath/1.0.0:
    resolution: {integrity: sha512-OO0pH2lK6a0hZnAdau5ItzHPI6pUlvI7jMVnxUQRtw4owF2wk8lOSabtGDCTP4Ggrg2MbGnWO9X8K1t4+fGMDw==}
    dev: true

  /fsevents/2.3.2:
    resolution: {integrity: sha512-xiqMQR4xAeHTuB9uWm+fFRcIOgKBMiOBP+eXiyT7jsgVCq1bkVygt00oASowB7EdtpOHaaPgKt812P9ab+DDKA==}
    engines: {node: ^8.16.0 || ^10.6.0 || >=11.0.0}
    os: [darwin]
    requiresBuild: true
    dev: true
    optional: true

  /function-bind/1.1.1:
    resolution: {integrity: sha512-yIovAzMX49sF8Yl58fSCWJ5svSLuaibPxXQJFLmBObTuCr0Mf1KiPopGM9NiFjiYBCbfaa2Fh6breQ6ANVTI0A==}
    dev: true

  /glob-parent/5.1.2:
    resolution: {integrity: sha512-AOIgSQCepiJYwP3ARnGx+5VnTu2HBYdzbGP45eLw1vr3zB3vZLeyed1sC9hnbcOc9/SrMyM5RPQrkGz4aS9Zow==}
    engines: {node: '>= 6'}
    dependencies:
      is-glob: 4.0.3
    dev: true

  /glob/7.2.0:
    resolution: {integrity: sha512-lmLf6gtyrPq8tTjSmrO94wBeQbFR3HbLHbuyD69wuyQkImp2hWqMGB47OX65FBkPffO641IP9jWa1z4ivqG26Q==}
    dependencies:
      fs.realpath: 1.0.0
      inflight: 1.0.6
      inherits: 2.0.4
      minimatch: 3.1.2
      once: 1.4.0
      path-is-absolute: 1.0.1
    dev: true

  /globby/11.1.0:
    resolution: {integrity: sha512-jhIXaOzy1sb8IyocaruWSn1TjmnBVs8Ayhcy83rmxNJ8q2uWKCAj3CnJY+KpGSXCueAPc0i05kVvVKtP1t9S3g==}
    engines: {node: '>=10'}
    dependencies:
      array-union: 2.1.0
      dir-glob: 3.0.1
      fast-glob: 3.2.11
      ignore: 5.2.0
      merge2: 1.4.1
      slash: 3.0.0
    dev: true

  /graceful-fs/4.2.10:
    resolution: {integrity: sha512-9ByhssR2fPVsNZj478qUUbKfmL0+t5BDVyjShtyZZLiK7ZDAArFFfopyOTj0M05wE2tJPisA4iTnnXl2YoPvOA==}
    dev: true

  /has/1.0.3:
    resolution: {integrity: sha512-f2dvO0VU6Oej7RkWJGrehjbzMAjFp5/VKPp5tTpWIV4JHHZK1/BxbFRtf/siA2SWTe09caDmVtYYzWEIbBS4zw==}
    engines: {node: '>= 0.4.0'}
    dependencies:
      function-bind: 1.1.1
    dev: true

  /ignore/5.2.0:
    resolution: {integrity: sha512-CmxgYGiEPCLhfLnpPp1MoRmifwEIOgjcHXxOBjv7mY96c+eWScsOP9c112ZyLdWHi0FxHjI+4uVhKYp/gcdRmQ==}
    engines: {node: '>= 4'}
    dev: true

  /indent-string/4.0.0:
    resolution: {integrity: sha512-EdDDZu4A2OyIK7Lr/2zG+w5jmbuk1DVBnEwREQvBzspBJkCEbRa8GxU1lghYcaGJCnRWibjDXlq779X1/y5xwg==}
    engines: {node: '>=8'}
    dev: true

  /inflight/1.0.6:
    resolution: {integrity: sha512-k92I/b08q4wvFscXCLvqfsHCrjrF7yiXsQuIVvVE7N82W3+aqpzuUdBbfhWcy/FZR3/4IgflMgKLOsvPDrGCJA==}
    dependencies:
      once: 1.4.0
      wrappy: 1.0.2
    dev: true

  /inherits/2.0.4:
    resolution: {integrity: sha512-k/vGaX4/Yla3WzyMCvTQOXYeIHvqOKtnqBduzTHpzpQZzAskKMhZ2K+EnBiSM9zGSoIFeMpXKxa4dYeZIQqewQ==}
    dev: true

  /is-core-module/2.8.1:
    resolution: {integrity: sha512-SdNCUs284hr40hFTFP6l0IfZ/RSrMXF3qgoRHd3/79unUTvrFO/JoXwkGm+5J/Oe3E/b5GsnG330uUNgRpu1PA==}
    dependencies:
      has: 1.0.3
    dev: true

  /is-extglob/2.1.1:
    resolution: {integrity: sha512-SbKbANkN603Vi4jEZv49LeVJMn4yGwsbzZworEoyEiutsN3nJYdbO36zfhGJ6QEDpOZIFkDtnq5JRxmvl3jsoQ==}
    engines: {node: '>=0.10.0'}
    dev: true

  /is-glob/4.0.3:
    resolution: {integrity: sha512-xelSayHH36ZgE7ZWhli7pW34hNbNl8Ojv5KVmkJD4hBdD3th8Tfk9vYasLM+mXWOZhFkgZfxhLSnrwRr4elSSg==}
    engines: {node: '>=0.10.0'}
    dependencies:
      is-extglob: 2.1.1
    dev: true

  /is-number/7.0.0:
    resolution: {integrity: sha512-41Cifkg6e8TylSpdtTpeLVMqvSBEVzTttHvERD741+pnZ8ANv0004MRL43QKPDlK9cGvNp6NZWZUBlbGXYxxng==}
    engines: {node: '>=0.12.0'}
    dev: true

  /is-path-cwd/2.2.0:
    resolution: {integrity: sha512-w942bTcih8fdJPJmQHFzkS76NEP8Kzzvmw92cXsazb8intwLqPibPPdXf4ANdKV3rYMuuQYGIWtvz9JilB3NFQ==}
    engines: {node: '>=6'}
    dev: true

  /is-path-inside/3.0.3:
    resolution: {integrity: sha512-Fd4gABb+ycGAmKou8eMftCupSir5lRxqf4aD/vd0cD2qc4HL07OjCeuHMr8Ro4CoMaeCKDB0/ECBOVWjTwUvPQ==}
    engines: {node: '>=8'}
    dev: true

  /jsonfile/6.1.0:
    resolution: {integrity: sha512-5dgndWOriYSm5cnYaJNhalLNDKOqFwyDB/rr1E9ZsGciGvKPs8R2xYGCacuf3z6K1YKDz182fd+fY3cn3pMqXQ==}
    dependencies:
      universalify: 2.0.0
    optionalDependencies:
      graceful-fs: 4.2.10
    dev: true

  /junk/1.0.3:
    resolution: {integrity: sha512-3KF80UaaSSxo8jVnRYtMKNGFOoVPBdkkVPsw+Ad0y4oxKXPduS6G6iHkrf69yJVff/VAaYXkV42rtZ7daJxU3w==}
    engines: {node: '>=0.10.0'}
    dev: true

  /magic-string/0.25.9:
    resolution: {integrity: sha512-RmF0AsMzgt25qzqqLc1+MbHmhdx0ojF2Fvs4XnOqz2ZOBXzzkEwc/dJQZCYHAn7v1jbVOjAZfK8msRn4BxO4VQ==}
    dependencies:
      sourcemap-codec: 1.4.8
    dev: true

  /maximatch/0.1.0:
    resolution: {integrity: sha512-9ORVtDUFk4u/NFfo0vG/ND/z7UQCVZBL539YW0+U1I7H1BkZwizcPx5foFv7LCPcBnm2U6RjFnQOsIvN4/Vm2A==}
    engines: {node: '>=0.10.0'}
    dependencies:
      array-differ: 1.0.0
      array-union: 1.0.2
      arrify: 1.0.1
      minimatch: 3.1.2
    dev: true

  /merge2/1.4.1:
    resolution: {integrity: sha512-8q7VEgMJW4J8tcfVPy8g09NcQwZdbwFEqhe/WZkoIzjn/3TGDwtOCYtXGxA3O8tPzpczCCDgv+P2P5y00ZJOOg==}
    engines: {node: '>= 8'}
    dev: true

  /micromatch/4.0.5:
    resolution: {integrity: sha512-DMy+ERcEW2q8Z2Po+WNXuw3c5YaUSFjAO5GsJqfEl7UjvtIuFKO6ZrKvcItdy98dwFI2N1tg3zNIdKaQT+aNdA==}
    engines: {node: '>=8.6'}
    dependencies:
      braces: 3.0.2
      picomatch: 2.3.1
    dev: true

  /minimatch/3.1.2:
    resolution: {integrity: sha512-J7p63hRiAjw1NDEww1W7i37+ByIrOWO5XQQAzZ3VOcL0PNybwpfmV/N05zFAzwQ9USyEcX6t3UO+K5aqBQOIHw==}
    dependencies:
      brace-expansion: 1.1.11
    dev: true

  /minimist/1.2.6:
    resolution: {integrity: sha512-Jsjnk4bw3YJqYzbdyBiNsPWHPfO++UGG749Cxs6peCu5Xg4nrena6OVxOYxrQTqww0Jmwt+Ref8rggumkTLz9Q==}
    dev: true

  /mkdirp/0.5.6:
    resolution: {integrity: sha512-FP+p8RB8OWpF3YZBCrP5gtADmtXApB5AMLn+vdyA+PyxCjrCs00mjyUozssO33cwDeT3wNGdLxJ5M//YqtHAJw==}
    hasBin: true
    dependencies:
      minimist: 1.2.6
    dev: true

  /nanoid/3.3.2:
    resolution: {integrity: sha512-CuHBogktKwpm5g2sRgv83jEy2ijFzBwMoYA60orPDR7ynsLijJDqgsi4RDGj3OJpy3Ieb+LYwiRmIOGyytgITA==}
    engines: {node: ^10 || ^12 || ^13.7 || ^14 || >=15.0.1}
    hasBin: true
    dev: true

  /once/1.4.0:
    resolution: {integrity: sha512-lNaJgI+2Q5URQBkccEKHTQOPaXdUxnZZElQTZY0MFUAuaEqe1E+Nyvgdz/aIyNi6Z9MzO5dv1H8n58/GELp3+w==}
    dependencies:
      wrappy: 1.0.2
    dev: true

  /p-map/4.0.0:
    resolution: {integrity: sha512-/bjOqmgETBYB5BoEeGVea8dmvHb2m9GLy1E9W43yeyfP6QQCZGFNa+XRceJEuDB6zqr+gKpIAmlLebMpykw/MQ==}
    engines: {node: '>=10'}
    dependencies:
      aggregate-error: 3.1.0
    dev: true

  /path-is-absolute/1.0.1:
    resolution: {integrity: sha512-AVbw3UJ2e9bq64vSaS9Am0fje1Pa8pbGqTTsmXfaIiMpnr5DlDhfJOuLj9Sf95ZPVDAUerDfEk88MPmPe7UCQg==}
    engines: {node: '>=0.10.0'}
    dev: true

  /path-parse/1.0.7:
    resolution: {integrity: sha512-LDJzPVEEEPR+y48z93A0Ed0yXb8pAByGWo/k5YYdYgpY2/2EsOsksJrq7lOHxryrVOn1ejG6oAp8ahvOIQD8sw==}
    dev: true

  /path-type/4.0.0:
    resolution: {integrity: sha512-gDKb8aZMDeD/tZWs9P6+q0J9Mwkdl6xMV8TjnGP3qJVJ06bdMgkbBlLU8IdfOsIsFz2BW1rNVT3XuNEl8zPAvw==}
    engines: {node: '>=8'}
    dev: true

  /picocolors/1.0.0:
    resolution: {integrity: sha512-1fygroTLlHu66zi26VoTDv8yRgm0Fccecssto+MhsZ0D/DGW2sm8E8AjW7NU5VVTRt5GxbeZ5qBuJr+HyLYkjQ==}
    dev: true

  /picomatch/2.3.1:
    resolution: {integrity: sha512-JU3teHTNjmE2VCGFzuY8EXzCDVwEqB2a8fsIvwaStHhAWJEeVd1o1QD80CU6+ZdEXXSLbSsuLwJjkCBWqRQUVA==}
    engines: {node: '>=8.6'}
    dev: true

  /pify/2.3.0:
    resolution: {integrity: sha512-udgsAY+fTnvv7kI7aaxbqwWNb0AHiB0qBO89PZKPkoTmGOgdbrHDKD+0B2X4uTfJ/FT1R09r9gTsjUjNJotuog==}
    engines: {node: '>=0.10.0'}
    dev: true

  /postcss/8.4.12:
    resolution: {integrity: sha512-lg6eITwYe9v6Hr5CncVbK70SoioNQIq81nsaG86ev5hAidQvmOeETBqs7jm43K2F5/Ley3ytDtriImV6TpNiSg==}
    engines: {node: ^10 || ^12 || >=14}
    dependencies:
      nanoid: 3.3.2
      picocolors: 1.0.0
      source-map-js: 1.0.2
    dev: true

  /promise/7.3.1:
    resolution: {integrity: sha512-nolQXZ/4L+bP/UGlkfaIujX9BKxGwmQ9OT4mOt5yvy8iK1h3wqTEJCijzGANTCCl9nWjY41juyAn2K3Q1hLLTg==}
    dependencies:
      asap: 2.0.6
    dev: true

  /prr/1.0.1:
    resolution: {integrity: sha512-yPw4Sng1gWghHQWj0B3ZggWUm4qVbPwPFcRG8KyxiU7J2OHFSoEHKS+EZ3fv5l1t9CyCiop6l/ZYeWbrgoQejw==}
    dev: true

  /queue-microtask/1.2.3:
    resolution: {integrity: sha512-NuaNSa6flKT5JaSYQzJok04JzTL1CA6aGhv5rfLW3PgqA+M2ChpZQnAC8h8i4ZFkBS8X5RqkDBHA7r4hej3K9A==}
    dev: true

  /recursive-copy/2.0.14:
    resolution: {integrity: sha512-K8WNY8f8naTpfbA+RaXmkaQuD1IeW9EgNEfyGxSqqTQukpVtoOKros9jUqbpEsSw59YOmpd8nCBgtqJZy5nvog==}
    dependencies:
      errno: 0.1.8
      graceful-fs: 4.2.10
      junk: 1.0.3
      maximatch: 0.1.0
      mkdirp: 0.5.6
      pify: 2.3.0
      promise: 7.3.1
      rimraf: 2.7.1
      slash: 1.0.0
    dev: true

  /resolve/1.22.0:
    resolution: {integrity: sha512-Hhtrw0nLeSrFQ7phPp4OOcVjLPIeMnRlr5mcnVuMe7M/7eBn98A3hmFRLoFo3DLZkivSYwhRUJTyPyWAk56WLw==}
    hasBin: true
    dependencies:
      is-core-module: 2.8.1
      path-parse: 1.0.7
      supports-preserve-symlinks-flag: 1.0.0
    dev: true

  /reusify/1.0.4:
    resolution: {integrity: sha512-U9nH88a3fc/ekCF1l0/UP1IosiuIjyTh7hBvXVMHYgVcfGvt897Xguj2UOLDeI5BG2m7/uwyaLVT6fbtCwTyzw==}
    engines: {iojs: '>=1.0.0', node: '>=0.10.0'}
    dev: true

  /rimraf/2.7.1:
    resolution: {integrity: sha512-uWjbaKIK3T1OSVptzX7Nl6PvQ3qAGtKEtVRjRuazjfL3Bx5eI409VZSqgND+4UNnmzLVdPj9FqFJNPqBZFve4w==}
    hasBin: true
    dependencies:
      glob: 7.2.0
    dev: true

  /rimraf/3.0.2:
    resolution: {integrity: sha512-JZkJMZkAGFFPP2YqXZXPbMlMBgsxzE8ILs4lMIX/2o0L9UBw9O/Y3o6wFw/i9YLapcUJWwqbi3kdxIPdC62TIA==}
    hasBin: true
    dependencies:
      glob: 7.2.0
    dev: true

  /rollup/2.70.1:
    resolution: {integrity: sha512-CRYsI5EuzLbXdxC6RnYhOuRdtz4bhejPMSWjsFLfVM/7w/85n2szZv6yExqUXsBdz5KT8eoubeyDUDjhLHEslA==}
    engines: {node: '>=10.0.0'}
    hasBin: true
    optionalDependencies:
      fsevents: 2.3.2
    dev: true

  /run-parallel/1.2.0:
    resolution: {integrity: sha512-5l4VyZR86LZ/lDxZTR6jqL8AFE2S0IFLMP26AbjsLVADxHdhB/c0GUsH+y39UfCi3dzz8OlQuPmnaJOMoDHQBA==}
    dependencies:
      queue-microtask: 1.2.3
    dev: true

  /slash/1.0.0:
    resolution: {integrity: sha512-3TYDR7xWt4dIqV2JauJr+EJeW356RXijHeUlO+8djJ+uBXPn8/2dpzBc8yQhh583sVvc9CvFAeQVgijsH+PNNg==}
    engines: {node: '>=0.10.0'}
    dev: true

  /slash/3.0.0:
    resolution: {integrity: sha512-g9Q1haeby36OSStwb4ntCGGGaKsaVSjQ68fBxoQcutl5fS1vuY18H3wSt3jFyFtrkx+Kz0V1G85A4MyAdDMi2Q==}
    engines: {node: '>=8'}
    dev: true

  /source-map-js/1.0.2:
    resolution: {integrity: sha512-R0XvVJ9WusLiqTCEiGCmICCMplcCkIwwR11mOSD9CR5u+IXYdiseeEuXCVAjS54zqwkLcPNnmU4OeJ6tUrWhDw==}
    engines: {node: '>=0.10.0'}
    dev: true

  /sourcemap-codec/1.4.8:
    resolution: {integrity: sha512-9NykojV5Uih4lgo5So5dtw+f0JgJX30KCNI8gwhz2J9A15wD0Ml6tjHKwf6fTSa6fAdVBdZeNOs9eJ71qCk8vA==}
    dev: true

  /supports-preserve-symlinks-flag/1.0.0:
    resolution: {integrity: sha512-ot0WnXS9fgdkgIcePe6RHNk1WA8+muPa6cSjeR3V8K27q9BB1rTE3R1p7Hv0z1ZyAc8s6Vvv8DIyWf681MAt0w==}
    engines: {node: '>= 0.4'}
    dev: true

  /to-regex-range/5.0.1:
    resolution: {integrity: sha512-65P7iz6X5yEr1cwcgvQxbbIw7Uk3gOy5dIdtZ4rDveLqhrdJP+Li/Hx6tyK0NEb+2GCyneCMJiGqrADCSNk8sQ==}
    engines: {node: '>=8.0'}
    dependencies:
      is-number: 7.0.0
    dev: true

  /typescript/4.6.3:
    resolution: {integrity: sha512-yNIatDa5iaofVozS/uQJEl3JRWLKKGJKh6Yaiv0GLGSuhpFJe7P3SbHZ8/yjAHRQwKRoA6YZqlfjXWmVzoVSMw==}
    engines: {node: '>=4.2.0'}
    hasBin: true
    dev: true

  /universalify/2.0.0:
    resolution: {integrity: sha512-hAZsKq7Yy11Zu1DE0OzWjw7nnLZmJZYTDZZyEFHZdUhV8FkH5MCfoU1XMaxXovpyW5nq5scPqq0ZDP9Zyl04oQ==}
    engines: {node: '>= 10.0.0'}
    dev: true

  /vite-plugin-externals/0.4.0_vite@2.9.1:
    resolution: {integrity: sha512-Z4VQq88ACTOa1ANu+tBYmVPwHswytR5v0t1aAcRRTThBY/VN5D86cf2m2tcXZVtWQ9z9QK6NmhuNTR8QL1fIhw==}
    peerDependencies:
      vite: ^2.0.0
    dependencies:
      acorn: 8.7.0
      es-module-lexer: 0.4.1
      fs-extra: 10.0.1
      magic-string: 0.25.9
      vite: 2.9.1
    dev: true

  /vite-plugin-html-config/1.0.8_vite@2.9.1:
    resolution: {integrity: sha512-3tTtBQO+6zpC8uzAAfj3FWygj+V6H6F9fEt5KtB3j5UHsRYP0yLpTHsMvubXtqCXbKDp1oOakYYSjprqYcbrpA==}
    engines: {node: '>=12.0.0'}
    peerDependencies:
      vite: ^2.0.5
    dependencies:
      vite: 2.9.1
    dev: true

  /vite/2.9.1:
    resolution: {integrity: sha512-vSlsSdOYGcYEJfkQ/NeLXgnRv5zZfpAsdztkIrs7AZHV8RCMZQkwjo4DS5BnrYTqoWqLoUe1Cah4aVO4oNNqCQ==}
    engines: {node: '>=12.2.0'}
    hasBin: true
    peerDependencies:
      less: '*'
      sass: '*'
      stylus: '*'
    peerDependenciesMeta:
      less:
        optional: true
      sass:
        optional: true
      stylus:
        optional: true
    dependencies:
      esbuild: 0.14.32
      postcss: 8.4.12
      resolve: 1.22.0
      rollup: 2.70.1
    optionalDependencies:
      fsevents: 2.3.2
    dev: true

  /wrappy/1.0.2:
    resolution: {integrity: sha512-l4Sp/DRseor9wL6EvV2+TuQn63dMkPjZ/sp9XkghTEbV9KlPS1xUsZ3u7/IQO4wxtcFB4bgpQPRcR3QCvezPcQ==}
    dev: true
